// !$*UTF8*$!
{
	archiveVersion = 1;
	classes = {
	};
	objectVersion = 50;
	objects = {

/* Begin PBXBuildFile section */
		6AC5C3BE264BFE650061C4AC /* main.swift in Sources */ = {isa = PBXBuildFile; fileRef = 6AC5C3BD264BFE650061C4AC /* main.swift */; };
		6AC5C3CB264C04210061C4AC /* OtherExercise.swift in Sources */ = {isa = PBXBuildFile; fileRef = 6AC5C3CA264C04210061C4AC /* OtherExercise.swift */; };
		6AC5C3CC264C05230061C4AC /* Cyc2018_swordOffer.swift in Sources */ = {isa = PBXBuildFile; fileRef = 6AC5C3C7264C03240061C4AC /* Cyc2018_swordOffer.swift */; };
		6AC5C3CD264C05230061C4AC /* DefStructures.swift in Sources */ = {isa = PBXBuildFile; fileRef = 6AC5C3C6264C03240061C4AC /* DefStructures.swift */; };
		6AC5C3CE264C05230061C4AC /* Algorithm_Mine.swift in Sources */ = {isa = PBXBuildFile; fileRef = 6AC5C3C8264C03240061C4AC /* Algorithm_Mine.swift */; };
		6AC5C3CF264C05230061C4AC /* Leetcode.swift in Sources */ = {isa = PBXBuildFile; fileRef = 6AC5C3C9264C03420061C4AC /* Leetcode.swift */; };
		6AC5C3D0264C05230061C4AC /* Cyc2018_leetcode.swift in Sources */ = {isa = PBXBuildFile; fileRef = 6AC5C3C5264C03240061C4AC /* Cyc2018_leetcode.swift */; };
/* End PBXBuildFile section */

/* Begin PBXCopyFilesBuildPhase section */
		6AC5C3B8264BFE650061C4AC /* CopyFiles */ = {
			isa = PBXCopyFilesBuildPhase;
			buildActionMask = 2147483647;
			dstPath = /usr/share/man/man1/;
			dstSubfolderSpec = 0;
			files = (
			);
			runOnlyForDeploymentPostprocessing = 1;
		};
/* End PBXCopyFilesBuildPhase section */

/* Begin PBXFileReference section */
		6AC5C3BA264BFE650061C4AC /* CommandLine */ = {isa = PBXFileReference; explicitFileType = "compiled.mach-o.executable"; includeInIndex = 0; path = CommandLine; sourceTree = BUILT_PRODUCTS_DIR; };
		6AC5C3BD264BFE650061C4AC /* main.swift */ = {isa = PBXFileReference; lastKnownFileType = sourcecode.swift; path = main.swift; sourceTree = "<group>"; };
		6AC5C3C5264C03240061C4AC /* Cyc2018_leetcode.swift */ = {isa = PBXFileReference; lastKnownFileType = sourcecode.swift; path = Cyc2018_leetcode.swift; sourceTree = "<group>"; };
		6AC5C3C6264C03240061C4AC /* DefStructures.swift */ = {isa = PBXFileReference; lastKnownFileType = sourcecode.swift; path = DefStructures.swift; sourceTree = "<group>"; };
		6AC5C3C7264C03240061C4AC /* Cyc2018_swordOffer.swift */ = {isa = PBXFileReference; lastKnownFileType = sourcecode.swift; path = Cyc2018_swordOffer.swift; sourceTree = "<group>"; };
		6AC5C3C8264C03240061C4AC /* Algorithm_Mine.swift */ = {isa = PBXFileReference; lastKnownFileType = sourcecode.swift; path = Algorithm_Mine.swift; sourceTree = "<group>"; };
		6AC5C3C9264C03420061C4AC /* Leetcode.swift */ = {isa = PBXFileReference; lastKnownFileType = sourcecode.swift; path = Leetcode.swift; sourceTree = "<group>"; };
		6AC5C3CA264C04210061C4AC /* OtherExercise.swift */ = {isa = PBXFileReference; lastKnownFileType = sourcecode.swift; path = OtherExercise.swift; sourceTree = "<group>"; };
/* End PBXFileReference section */

/* Begin PBXFrameworksBuildPhase section */
		6AC5C3B7264BFE650061C4AC /* Frameworks */ = {
			isa = PBXFrameworksBuildPhase;
			buildActionMask = 2147483647;
			files = (
			);
			runOnlyForDeploymentPostprocessing = 0;
		};
/* End PBXFrameworksBuildPhase section */

/* Begin PBXGroup section */
		6AC5C3B1264BFE650061C4AC = {
			isa = PBXGroup;
			children = (
				6AC5C3BC264BFE650061C4AC /* CommandLine */,
				6AC5C3BB264BFE650061C4AC /* Products */,
			);
			sourceTree = "<group>";
		};
		6AC5C3BB264BFE650061C4AC /* Products */ = {
			isa = PBXGroup;
			children = (
				6AC5C3BA264BFE650061C4AC /* CommandLine */,
			);
			name = Products;
			sourceTree = "<group>";
		};
		6AC5C3BC264BFE650061C4AC /* CommandLine */ = {
			isa = PBXGroup;
			children = (
				6AC5C3C5264C03240061C4AC /* Cyc2018_leetcode.swift */,
				6AC5C3C6264C03240061C4AC /* DefStructures.swift */,
				6AC5C3C7264C03240061C4AC /* Cyc2018_swordOffer.swift */,
				6AC5C3C8264C03240061C4AC /* Algorithm_Mine.swift */,
				6AC5C3C9264C03420061C4AC /* Leetcode.swift */,
				6AC5C3BD264BFE650061C4AC /* main.swift */,
				6AC5C3CA264C04210061C4AC /* OtherExercise.swift */,
			);
			path = CommandLine;
			sourceTree = "<group>";
		};
/* End PBXGroup section */

/* Begin PBXNativeTarget section */
		6AC5C3B9264BFE650061C4AC /* CommandLine */ = {
			isa = PBXNativeTarget;
			buildConfigurationList = 6AC5C3C1264BFE650061C4AC /* Build configuration list for PBXNativeTarget "CommandLine" */;
			buildPhases = (
				6AC5C3B6264BFE650061C4AC /* Sources */,
				6AC5C3B7264BFE650061C4AC /* Frameworks */,
				6AC5C3B8264BFE650061C4AC /* CopyFiles */,
			);
			buildRules = (
			);
			dependencies = (
			);
			name = CommandLine;
			productName = CommandLine;
			productReference = 6AC5C3BA264BFE650061C4AC /* CommandLine */;
			productType = "com.apple.product-type.tool";
		};
/* End PBXNativeTarget section */

/* Begin PBXProject section */
		6AC5C3B2264BFE650061C4AC /* Project object */ = {
			isa = PBXProject;
			attributes = {
				LastSwiftUpdateCheck = 1250;
				LastUpgradeCheck = 1250;
				TargetAttributes = {
					6AC5C3B9264BFE650061C4AC = {
						CreatedOnToolsVersion = 12.5;
					};
				};
			};
			buildConfigurationList = 6AC5C3B5264BFE650061C4AC /* Build configuration list for PBXProject "CommandLine" */;
			compatibilityVersion = "Xcode 9.3";
			developmentRegion = en;
			hasScannedForEncodings = 0;
			knownRegions = (
				en,
				Base,
			);
			mainGroup = 6AC5C3B1264BFE650061C4AC;
			productRefGroup = 6AC5C3BB264BFE650061C4AC /* Products */;
			projectDirPath = "";
			projectRoot = "";
			targets = (
				6AC5C3B9264BFE650061C4AC /* CommandLine */,
			);
		};
/* End PBXProject section */

/* Begin PBXSourcesBuildPhase section */
		6AC5C3B6264BFE650061C4AC /* Sources */ = {
			isa = PBXSourcesBuildPhase;
			buildActionMask = 2147483647;
			files = (
				6AC5C3CC264C05230061C4AC /* Cyc2018_swordOffer.swift in Sources */,
				6AC5C3CD264C05230061C4AC /* DefStructures.swift in Sources */,
				6AC5C3CE264C05230061C4AC /* Algorithm_Mine.swift in Sources */,
				6AC5C3CB264C04210061C4AC /* OtherExercise.swift in Sources */,
				6AC5C3CF264C05230061C4AC /* Leetcode.swift in Sources */,
				6AC5C3BE264BFE650061C4AC /* main.swift in Sources */,
				6AC5C3D0264C05230061C4AC /* Cyc2018_leetcode.swift in Sources */,
			);
			runOnlyForDeploymentPostprocessing = 0;
		};
/* End PBXSourcesBuildPhase section */

/* Begin XCBuildConfiguration section */
		6AC5C3BF264BFE650061C4AC /* Debug */ = {
			isa = XCBuildConfiguration;
			buildSettings = {
				ALWAYS_SEARCH_USER_PATHS = NO;
				CLANG_ANALYZER_NONNULL = YES;
				CLANG_ANALYZER_NUMBER_OBJECT_CONVERSION = YES_AGGRESSIVE;
				CLANG_CXX_LANGUAGE_STANDARD = "gnu++14";
				CLANG_CXX_LIBRARY = "libc++";
				CLANG_ENABLE_MODULES = YES;
				CLANG_ENABLE_OBJC_ARC = YES;
				CLANG_ENABLE_OBJC_WEAK = YES;
				CLANG_WARN_BLOCK_CAPTURE_AUTORELEASING = YES;
				CLANG_WARN_BOOL_CONVERSION = YES;
				CLANG_WARN_COMMA = YES;
				CLANG_WARN_CONSTANT_CONVERSION = YES;
				CLANG_WARN_DEPRECATED_OBJC_IMPLEMENTATIONS = YES;
				CLANG_WARN_DIRECT_OBJC_ISA_USAGE = YES_ERROR;
				CLANG_WARN_DOCUMENTATION_COMMENTS = YES;
				CLANG_WARN_EMPTY_BODY = YES;
				CLANG_WARN_ENUM_CONVERSION = YES;
				CLANG_WARN_INFINITE_RECURSION = YES;
				CLANG_WARN_INT_CONVERSION = YES;
				CLANG_WARN_NON_LITERAL_NULL_CONVERSION = YES;
				CLANG_WARN_OBJC_IMPLICIT_RETAIN_SELF = YES;
				CLANG_WARN_OBJC_LITERAL_CONVERSION = YES;
				CLANG_WARN_OBJC_ROOT_CLASS = YES_ERROR;
				CLANG_WARN_QUOTED_INCLUDE_IN_FRAMEWORK_HEADER = YES;
				CLANG_WARN_RANGE_LOOP_ANALYSIS = YES;
				CLANG_WARN_STRICT_PROTOTYPES = YES;
				CLANG_WARN_SUSPICIOUS_MOVE = YES;
				CLANG_WARN_UNGUARDED_AVAILABILITY = YES_AGGRESSIVE;
				CLANG_WARN_UNREACHABLE_CODE = YES;
				CLANG_WARN__DUPLICATE_METHOD_MATCH = YES;
				COPY_PHASE_STRIP = NO;
				DEBUG_INFORMATION_FORMAT = dwarf;
				ENABLE_STRICT_OBJC_MSGSEND = YES;
				ENABLE_TESTABILITY = YES;
				GCC_C_LANGUAGE_STANDARD = gnu11;
				GCC_DYNAMIC_NO_PIC = NO;
				GCC_NO_COMMON_BLOCKS = YES;
				GCC_OPTIMIZATION_LEVEL = 0;
				GCC_PREPROCESSOR_DEFINITIONS = (
					"DEBUG=1",
					"$(inherited)",
				);
				GCC_WARN_64_TO_32_BIT_CONVERSION = YES;
				GCC_WARN_ABOUT_RETURN_TYPE = YES_ERROR;
				GCC_WARN_UNDECLARED_SELECTOR = YES;
				GCC_WARN_UNINITIALIZED_AUTOS = YES_AGGRESSIVE;
				GCC_WARN_UNUSED_FUNCTION = YES;
				GCC_WARN_UNUSED_VARIABLE = YES;
				MACOSX_DEPLOYMENT_TARGET = 11.3;
				MTL_ENABLE_DEBUG_INFO = INCLUDE_SOURCE;
				MTL_FAST_MATH = YES;
				ONLY_ACTIVE_ARCH = YES;
				SDKROOT = macosx;
				SWIFT_ACTIVE_COMPILATION_CONDITIONS = DEBUG;
				SWIFT_OPTIMIZATION_LEVEL = "-Onone";
			};
			name = Debug;
		};
		6AC5C3C0264BFE650061C4AC /* Release */ = {
			isa = XCBuildConfiguration;
			buildSettings = {
				ALWAYS_SEARCH_USER_PATHS = NO;
				CLANG_ANALYZER_NONNULL = YES;
				CLANG_ANALYZER_NUMBER_OBJECT_CONVERSION = YES_AGGRESSIVE;
				CLANG_CXX_LANGUAGE_STANDARD = "gnu++14";
				CLANG_CXX_LIBRARY = "libc++";
				CLANG_ENABLE_MODULES = YES;
				CLANG_ENABLE_OBJC_ARC = YES;
				CLANG_ENABLE_OBJC_WEAK = YES;
				CLANG_WARN_BLOCK_CAPTURE_AUTORELEASING = YES;
				CLANG_WARN_BOOL_CONVERSION = YES;
				CLANG_WARN_COMMA = YES;
				CLANG_WARN_CONSTANT_CONVERSION = YES;
				CLANG_WARN_DEPRECATED_OBJC_IMPLEMENTATIONS = YES;
				CLANG_WARN_DIRECT_OBJC_ISA_USAGE = YES_ERROR;
				CLANG_WARN_DOCUMENTATION_COMMENTS = YES;
				CLANG_WARN_EMPTY_BODY = YES;
				CLANG_WARN_ENUM_CONVERSION = YES;
				CLANG_WARN_INFINITE_RECURSION = YES;
				CLANG_WARN_INT_CONVERSION = YES;
				CLANG_WARN_NON_LITERAL_NULL_CONVERSION = YES;
				CLANG_WARN_OBJC_IMPLICIT_RETAIN_SELF = YES;
				CLANG_WARN_OBJC_LITERAL_CONVERSION = YES;
				CLANG_WARN_OBJC_ROOT_CLASS = YES_ERROR;
				CLANG_WARN_QUOTED_INCLUDE_IN_FRAMEWORK_HEADER = YES;
				CLANG_WARN_RANGE_LOOP_ANALYSIS = YES;
				CLANG_WARN_STRICT_PROTOTYPES = YES;
				CLANG_WARN_SUSPICIOUS_MOVE = YES;
				CLANG_WARN_UNGUARDED_AVAILABILITY = YES_AGGRESSIVE;
				CLANG_WARN_UNREACHABLE_CODE = YES;
				CLANG_WARN__DUPLICATE_METHOD_MATCH = YES;
				COPY_PHASE_STRIP = NO;
				DEBUG_INFORMATION_FORMAT = "dwarf-with-dsym";
				ENABLE_NS_ASSERTIONS = NO;
				ENABLE_STRICT_OBJC_MSGSEND = YES;
				GCC_C_LANGUAGE_STANDARD = gnu11;
				GCC_NO_COMMON_BLOCKS = YES;
				GCC_WARN_64_TO_32_BIT_CONVERSION = YES;
				GCC_WARN_ABOUT_RETURN_TYPE = YES_ERROR;
				GCC_WARN_UNDECLARED_SELECTOR = YES;
				GCC_WARN_UNINITIALIZED_AUTOS = YES_AGGRESSIVE;
				GCC_WARN_UNUSED_FUNCTION = YES;
				GCC_WARN_UNUSED_VARIABLE = YES;
				MACOSX_DEPLOYMENT_TARGET = 11.3;
				MTL_ENABLE_DEBUG_INFO = NO;
				MTL_FAST_MATH = YES;
				SDKROOT = macosx;
				SWIFT_COMPILATION_MODE = wholemodule;
				SWIFT_OPTIMIZATION_LEVEL = "-O";
			};
			name = Release;
		};
		6AC5C3C2264BFE650061C4AC /* Debug */ = {
			isa = XCBuildConfiguration;
			buildSettings = {
				CODE_SIGN_STYLE = Automatic;
				PRODUCT_NAME = "$(TARGET_NAME)";
				SWIFT_VERSION = 5.0;
			};
			name = Debug;
		};
		6AC5C3C3264BFE650061C4AC /* Release */ = {
			isa = XCBuildConfiguration;
			buildSettings = {
				CODE_SIGN_STYLE = Automatic;
				PRODUCT_NAME = "$(TARGET_NAME)";
				SWIFT_VERSION = 5.0;
			};
			name = Release;
		};
/* End XCBuildConfiguration section */

/* Begin XCConfigurationList section */
		6AC5C3B5264BFE650061C4AC /* Build configuration list for PBXProject "CommandLine" */ = {
			isa = XCConfigurationList;
			buildConfigurations = (
				6AC5C3BF264BFE650061C4AC /* Debug */,
				6AC5C3C0264BFE650061C4AC /* Release */,
			);
			defaultConfigurationIsVisible = 0;
			defaultConfigurationName = Release;
		};
		6AC5C3C1264BFE650061C4AC /* Build configuration list for PBXNativeTarget "CommandLine" */ = {
			isa = XCConfigurationList;
			buildConfigurations = (
				6AC5C3C2264BFE650061C4AC /* Debug */,
				6AC5C3C3264BFE650061C4AC /* Release */,
			);
			defaultConfigurationIsVisible = 0;
			defaultConfigurationName = Release;
		};
/* End XCConfigurationList section */
	};
	rootObject = 6AC5C3B2264BFE650061C4AC /* Project object */;
}
